
Microsoft Visual Studio Solution File, Format Version 12.00
# Visual Studio Version 17
VisualStudioVersion = 17.13.35825.156 d17.13
MinimumVisualStudioVersion = 10.0.40219.1
Project("{FAE04EC0-301F-11D3-BF4B-00C04F79EFBC}") = "OrangeAppleChallenge", "OrangeAppleChallenge\OrangeAppleChallenge.csproj", "{F52E53BC-C649-4A06-BC21-2C2C6E7FF8D2}"
EndProject
Global
	GlobalSection(SolutionConfigurationPlatforms) = preSolution
		Debug|Any CPU = Debug|Any CPU
		Release|Any CPU = Release|Any CPU
	EndGlobalSection
	GlobalSection(ProjectConfigurationPlatforms) = postSolution
		{F52E53BC-C649-4A06-BC21-2C2C6E7FF8D2}.Debug|Any CPU.ActiveCfg = Debug|Any CPU
		{F52E53BC-C649-4A06-BC21-2C2C6E7FF8D2}.Debug|Any CPU.Build.0 = Debug|Any CPU
		{F52E53BC-C649-4A06-BC21-2C2C6E7FF8D2}.Release|Any CPU.ActiveCfg = Release|Any CPU
		{F52E53BC-C649-4A06-BC21-2C2C6E7FF8D2}.Release|Any CPU.Build.0 = Release|Any CPU
	EndGlobalSection
	GlobalSection(SolutionProperties) = preSolution
		HideSolutionNode = FALSE
	EndGlobalSection
	GlobalSection(ExtensibilityGlobals) = postSolution
		SolutionGuid = {0EBD7EB2-F071-4C78-BCA5-A462AC3F9C46}
	EndGlobalSection
EndGlobal
